// !$*UTF8*$!
{
	archiveVersion = 1;
	classes = {
	};
	objectVersion = 55;
	objects = {

/* Begin PBXBuildFile section */
		CD0E1B782735A9FE00FE4477 /* LYWSD02_Clock_SyncApp.swift in Sources */ = {isa = PBXBuildFile; fileRef = CD0E1B682735A9FD00FE4477 /* LYWSD02_Clock_SyncApp.swift */; };
		CD0E1B792735A9FE00FE4477 /* LYWSD02_Clock_SyncApp.swift in Sources */ = {isa = PBXBuildFile; fileRef = CD0E1B682735A9FD00FE4477 /* LYWSD02_Clock_SyncApp.swift */; };
		CD0E1B7C2735A9FE00FE4477 /* Assets.xcassets in Resources */ = {isa = PBXBuildFile; fileRef = CD0E1B6A2735A9FE00FE4477 /* Assets.xcassets */; };
		CD0E1B7D2735A9FE00FE4477 /* Assets.xcassets in Resources */ = {isa = PBXBuildFile; fileRef = CD0E1B6A2735A9FE00FE4477 /* Assets.xcassets */; };
		CD0E1BDF2736D3BC00FE4477 /* BLEDeviceModel.swift in Sources */ = {isa = PBXBuildFile; fileRef = CD0E1BD92736D3BC00FE4477 /* BLEDeviceModel.swift */; };
		CD0E1BE02736D3BC00FE4477 /* BLEDeviceModel.swift in Sources */ = {isa = PBXBuildFile; fileRef = CD0E1BD92736D3BC00FE4477 /* BLEDeviceModel.swift */; };
		CD0E1BE12736D3BC00FE4477 /* BinUtils.swift in Sources */ = {isa = PBXBuildFile; fileRef = CD0E1BDA2736D3BC00FE4477 /* BinUtils.swift */; };
		CD0E1BE22736D3BC00FE4477 /* BinUtils.swift in Sources */ = {isa = PBXBuildFile; fileRef = CD0E1BDA2736D3BC00FE4477 /* BinUtils.swift */; };
		CD0E1BE32736D3BC00FE4477 /* Time.swift in Sources */ = {isa = PBXBuildFile; fileRef = CD0E1BDB2736D3BC00FE4477 /* Time.swift */; };
		CD0E1BE42736D3BC00FE4477 /* Time.swift in Sources */ = {isa = PBXBuildFile; fileRef = CD0E1BDB2736D3BC00FE4477 /* Time.swift */; };
		CD0E1BE72736D3BC00FE4477 /* LYWSD02.swift in Sources */ = {isa = PBXBuildFile; fileRef = CD0E1BDD2736D3BC00FE4477 /* LYWSD02.swift */; };
		CD0E1BE82736D3BC00FE4477 /* LYWSD02.swift in Sources */ = {isa = PBXBuildFile; fileRef = CD0E1BDD2736D3BC00FE4477 /* LYWSD02.swift */; };
		CD0E1BE92736D3BC00FE4477 /* BluetoothClient.swift in Sources */ = {isa = PBXBuildFile; fileRef = CD0E1BDE2736D3BC00FE4477 /* BluetoothClient.swift */; };
		CD0E1BEA2736D3BC00FE4477 /* BluetoothClient.swift in Sources */ = {isa = PBXBuildFile; fileRef = CD0E1BDE2736D3BC00FE4477 /* BluetoothClient.swift */; };
		CD0E1BEE2736D41900FE4477 /* ContentView.swift in Sources */ = {isa = PBXBuildFile; fileRef = CD0E1BEC2736D41900FE4477 /* ContentView.swift */; };
		CD0E1BEF2736D41900FE4477 /* ContentView.swift in Sources */ = {isa = PBXBuildFile; fileRef = CD0E1BEC2736D41900FE4477 /* ContentView.swift */; };
		CD0E1BF02736D41900FE4477 /* DeviceView.swift in Sources */ = {isa = PBXBuildFile; fileRef = CD0E1BED2736D41900FE4477 /* DeviceView.swift */; };
		CD0E1BF12736D41900FE4477 /* DeviceView.swift in Sources */ = {isa = PBXBuildFile; fileRef = CD0E1BED2736D41900FE4477 /* DeviceView.swift */; };
/* End PBXBuildFile section */

/* Begin PBXFileReference section */
		CD0E1B682735A9FD00FE4477 /* LYWSD02_Clock_SyncApp.swift */ = {isa = PBXFileReference; lastKnownFileType = sourcecode.swift; path = LYWSD02_Clock_SyncApp.swift; sourceTree = "<group>"; };
		CD0E1B6A2735A9FE00FE4477 /* Assets.xcassets */ = {isa = PBXFileReference; lastKnownFileType = folder.assetcatalog; path = Assets.xcassets; sourceTree = "<group>"; };
		CD0E1B6F2735A9FE00FE4477 /* LYWSD02 Clock Sync.app */ = {isa = PBXFileReference; explicitFileType = wrapper.application; includeInIndex = 0; path = "LYWSD02 Clock Sync.app"; sourceTree = BUILT_PRODUCTS_DIR; };
		CD0E1B752735A9FE00FE4477 /* LYWSD02 Clock Sync.app */ = {isa = PBXFileReference; explicitFileType = wrapper.application; includeInIndex = 0; path = "LYWSD02 Clock Sync.app"; sourceTree = BUILT_PRODUCTS_DIR; };
		CD0E1B772735A9FE00FE4477 /* macOS.entitlements */ = {isa = PBXFileReference; lastKnownFileType = text.plist.entitlements; path = macOS.entitlements; sourceTree = "<group>"; };
		CD0E1BD92736D3BC00FE4477 /* BLEDeviceModel.swift */ = {isa = PBXFileReference; fileEncoding = 4; lastKnownFileType = sourcecode.swift; path = BLEDeviceModel.swift; sourceTree = "<group>"; };
		CD0E1BDA2736D3BC00FE4477 /* BinUtils.swift */ = {isa = PBXFileReference; fileEncoding = 4; lastKnownFileType = sourcecode.swift; path = BinUtils.swift; sourceTree = "<group>"; };
		CD0E1BDB2736D3BC00FE4477 /* Time.swift */ = {isa = PBXFileReference; fileEncoding = 4; lastKnownFileType = sourcecode.swift; path = Time.swift; sourceTree = "<group>"; };
		CD0E1BDD2736D3BC00FE4477 /* LYWSD02.swift */ = {isa = PBXFileReference; fileEncoding = 4; lastKnownFileType = sourcecode.swift; path = LYWSD02.swift; sourceTree = "<group>"; };
		CD0E1BDE2736D3BC00FE4477 /* BluetoothClient.swift */ = {isa = PBXFileReference; fileEncoding = 4; lastKnownFileType = sourcecode.swift; path = BluetoothClient.swift; sourceTree = "<group>"; };
		CD0E1BEC2736D41900FE4477 /* ContentView.swift */ = {isa = PBXFileReference; fileEncoding = 4; lastKnownFileType = sourcecode.swift; path = ContentView.swift; sourceTree = "<group>"; };
		CD0E1BED2736D41900FE4477 /* DeviceView.swift */ = {isa = PBXFileReference; fileEncoding = 4; lastKnownFileType = sourcecode.swift; path = DeviceView.swift; sourceTree = "<group>"; };
		CD0E1BF22736D44A00FE4477 /* LYWSD02-Clock-Sync--macOS--Info.plist */ = {isa = PBXFileReference; lastKnownFileType = text.plist; path = "LYWSD02-Clock-Sync--macOS--Info.plist"; sourceTree = "<group>"; };
/* End PBXFileReference section */

/* Begin PBXFrameworksBuildPhase section */
		CD0E1B6C2735A9FE00FE4477 /* Frameworks */ = {
			isa = PBXFrameworksBuildPhase;
			buildActionMask = 2147483647;
			files = (
			);
			runOnlyForDeploymentPostprocessing = 0;
		};
		CD0E1B722735A9FE00FE4477 /* Frameworks */ = {
			isa = PBXFrameworksBuildPhase;
			buildActionMask = 2147483647;
			files = (
			);
			runOnlyForDeploymentPostprocessing = 0;
		};
/* End PBXFrameworksBuildPhase section */

/* Begin PBXGroup section */
		CD0E1B622735A9FD00FE4477 = {
			isa = PBXGroup;
			children = (
				CD0E1BF22736D44A00FE4477 /* LYWSD02-Clock-Sync--macOS--Info.plist */,
				CD0E1B672735A9FD00FE4477 /* Shared */,
				CD0E1B762735A9FE00FE4477 /* macOS */,
				CD0E1B702735A9FE00FE4477 /* Products */,
			);
			sourceTree = "<group>";
		};
		CD0E1B672735A9FD00FE4477 /* Shared */ = {
			isa = PBXGroup;
			children = (
				CD0E1BEB2736D3F200FE4477 /* Views */,
				CD0E1BDA2736D3BC00FE4477 /* BinUtils.swift */,
				CD0E1BD92736D3BC00FE4477 /* BLEDeviceModel.swift */,
				CD0E1BDE2736D3BC00FE4477 /* BluetoothClient.swift */,
				CD0E1BDD2736D3BC00FE4477 /* LYWSD02.swift */,
				CD0E1BDB2736D3BC00FE4477 /* Time.swift */,
				CD0E1B682735A9FD00FE4477 /* LYWSD02_Clock_SyncApp.swift */,
				CD0E1B6A2735A9FE00FE4477 /* Assets.xcassets */,
			);
			path = Shared;
			sourceTree = "<group>";
		};
		CD0E1B702735A9FE00FE4477 /* Products */ = {
			isa = PBXGroup;
			children = (
				CD0E1B6F2735A9FE00FE4477 /* LYWSD02 Clock Sync.app */,
				CD0E1B752735A9FE00FE4477 /* LYWSD02 Clock Sync.app */,
			);
			name = Products;
			sourceTree = "<group>";
		};
		CD0E1B762735A9FE00FE4477 /* macOS */ = {
			isa = PBXGroup;
			children = (
				CD0E1B772735A9FE00FE4477 /* macOS.entitlements */,
			);
			path = macOS;
			sourceTree = "<group>";
		};
		CD0E1BEB2736D3F200FE4477 /* Views */ = {
			isa = PBXGroup;
			children = (
				CD0E1BEC2736D41900FE4477 /* ContentView.swift */,
				CD0E1BED2736D41900FE4477 /* DeviceView.swift */,
			);
			path = Views;
			sourceTree = "<group>";
		};
/* End PBXGroup section */

/* Begin PBXNativeTarget section */
		CD0E1B6E2735A9FE00FE4477 /* LYWSD02 Clock Sync (iOS) */ = {
			isa = PBXNativeTarget;
			buildConfigurationList = CD0E1B802735A9FE00FE4477 /* Build configuration list for PBXNativeTarget "LYWSD02 Clock Sync (iOS)" */;
			buildPhases = (
				CD0E1B6B2735A9FE00FE4477 /* Sources */,
				CD0E1B6C2735A9FE00FE4477 /* Frameworks */,
				CD0E1B6D2735A9FE00FE4477 /* Resources */,
			);
			buildRules = (
			);
			dependencies = (
			);
			name = "LYWSD02 Clock Sync (iOS)";
			productName = "LYWSD02 Clock Sync (iOS)";
			productReference = CD0E1B6F2735A9FE00FE4477 /* LYWSD02 Clock Sync.app */;
			productType = "com.apple.product-type.application";
		};
		CD0E1B742735A9FE00FE4477 /* LYWSD02 Clock Sync (macOS) */ = {
			isa = PBXNativeTarget;
			buildConfigurationList = CD0E1B832735A9FE00FE4477 /* Build configuration list for PBXNativeTarget "LYWSD02 Clock Sync (macOS)" */;
			buildPhases = (
				CD0E1B712735A9FE00FE4477 /* Sources */,
				CD0E1B722735A9FE00FE4477 /* Frameworks */,
				CD0E1B732735A9FE00FE4477 /* Resources */,
			);
			buildRules = (
			);
			dependencies = (
			);
			name = "LYWSD02 Clock Sync (macOS)";
			productName = "LYWSD02 Clock Sync (macOS)";
			productReference = CD0E1B752735A9FE00FE4477 /* LYWSD02 Clock Sync.app */;
			productType = "com.apple.product-type.application";
		};
/* End PBXNativeTarget section */

/* Begin PBXProject section */
		CD0E1B632735A9FD00FE4477 /* Project object */ = {
			isa = PBXProject;
			attributes = {
				BuildIndependentTargetsInParallel = 1;
				LastSwiftUpdateCheck = 1310;
				LastUpgradeCheck = 1310;
				TargetAttributes = {
					CD0E1B6E2735A9FE00FE4477 = {
						CreatedOnToolsVersion = 13.1;
					};
					CD0E1B742735A9FE00FE4477 = {
						CreatedOnToolsVersion = 13.1;
					};
				};
			};
			buildConfigurationList = CD0E1B662735A9FD00FE4477 /* Build configuration list for PBXProject "LYWSD02 Clock Sync" */;
			compatibilityVersion = "Xcode 13.0";
			developmentRegion = en;
			hasScannedForEncodings = 0;
			knownRegions = (
				en,
				Base,
			);
			mainGroup = CD0E1B622735A9FD00FE4477;
			productRefGroup = CD0E1B702735A9FE00FE4477 /* Products */;
			projectDirPath = "";
			projectRoot = "";
			targets = (
				CD0E1B6E2735A9FE00FE4477 /* LYWSD02 Clock Sync (iOS) */,
				CD0E1B742735A9FE00FE4477 /* LYWSD02 Clock Sync (macOS) */,
			);
		};
/* End PBXProject section */

/* Begin PBXResourcesBuildPhase section */
		CD0E1B6D2735A9FE00FE4477 /* Resources */ = {
			isa = PBXResourcesBuildPhase;
			buildActionMask = 2147483647;
			files = (
				CD0E1B7C2735A9FE00FE4477 /* Assets.xcassets in Resources */,
			);
			runOnlyForDeploymentPostprocessing = 0;
		};
		CD0E1B732735A9FE00FE4477 /* Resources */ = {
			isa = PBXResourcesBuildPhase;
			buildActionMask = 2147483647;
			files = (
				CD0E1B7D2735A9FE00FE4477 /* Assets.xcassets in Resources */,
			);
			runOnlyForDeploymentPostprocessing = 0;
		};
/* End PBXResourcesBuildPhase section */

/* Begin PBXSourcesBuildPhase section */
		CD0E1B6B2735A9FE00FE4477 /* Sources */ = {
			isa = PBXSourcesBuildPhase;
			buildActionMask = 2147483647;
			files = (
				CD0E1BE32736D3BC00FE4477 /* Time.swift in Sources */,
				CD0E1B782735A9FE00FE4477 /* LYWSD02_Clock_SyncApp.swift in Sources */,
				CD0E1BEE2736D41900FE4477 /* ContentView.swift in Sources */,
				CD0E1BE12736D3BC00FE4477 /* BinUtils.swift in Sources */,
				CD0E1BDF2736D3BC00FE4477 /* BLEDeviceModel.swift in Sources */,
				CD0E1BE72736D3BC00FE4477 /* LYWSD02.swift in Sources */,
				CD0E1BF02736D41900FE4477 /* DeviceView.swift in Sources */,
				CD0E1BE92736D3BC00FE4477 /* BluetoothClient.swift in Sources */,
			);
			runOnlyForDeploymentPostprocessing = 0;
		};
		CD0E1B712735A9FE00FE4477 /* Sources */ = {
			isa = PBXSourcesBuildPhase;
			buildActionMask = 2147483647;
			files = (
				CD0E1BE42736D3BC00FE4477 /* Time.swift in Sources */,
				CD0E1B792735A9FE00FE4477 /* LYWSD02_Clock_SyncApp.swift in Sources */,
				CD0E1BEF2736D41900FE4477 /* ContentView.swift in Sources */,
				CD0E1BE22736D3BC00FE4477 /* BinUtils.swift in Sources */,
				CD0E1BE02736D3BC00FE4477 /* BLEDeviceModel.swift in Sources */,
				CD0E1BE82736D3BC00FE4477 /* LYWSD02.swift in Sources */,
				CD0E1BF12736D41900FE4477 /* DeviceView.swift in Sources */,
				CD0E1BEA2736D3BC00FE4477 /* BluetoothClient.swift in Sources */,
			);
			runOnlyForDeploymentPostprocessing = 0;
		};
/* End PBXSourcesBuildPhase section */

/* Begin XCBuildConfiguration section */
		CD0E1B7E2735A9FE00FE4477 /* Debug */ = {
			isa = XCBuildConfiguration;
			buildSettings = {
				ALWAYS_SEARCH_USER_PATHS = NO;
				CLANG_ANALYZER_NONNULL = YES;
				CLANG_ANALYZER_NUMBER_OBJECT_CONVERSION = YES_AGGRESSIVE;
				CLANG_CXX_LANGUAGE_STANDARD = "gnu++17";
				CLANG_CXX_LIBRARY = "libc++";
				CLANG_ENABLE_MODULES = YES;
				CLANG_ENABLE_OBJC_ARC = YES;
				CLANG_ENABLE_OBJC_WEAK = YES;
				CLANG_WARN_BLOCK_CAPTURE_AUTORELEASING = YES;
				CLANG_WARN_BOOL_CONVERSION = YES;
				CLANG_WARN_COMMA = YES;
				CLANG_WARN_CONSTANT_CONVERSION = YES;
				CLANG_WARN_DEPRECATED_OBJC_IMPLEMENTATIONS = YES;
				CLANG_WARN_DIRECT_OBJC_ISA_USAGE = YES_ERROR;
				CLANG_WARN_DOCUMENTATION_COMMENTS = YES;
				CLANG_WARN_EMPTY_BODY = YES;
				CLANG_WARN_ENUM_CONVERSION = YES;
				CLANG_WARN_INFINITE_RECURSION = YES;
				CLANG_WARN_INT_CONVERSION = YES;
				CLANG_WARN_NON_LITERAL_NULL_CONVERSION = YES;
				CLANG_WARN_OBJC_IMPLICIT_RETAIN_SELF = YES;
				CLANG_WARN_OBJC_LITERAL_CONVERSION = YES;
				CLANG_WARN_OBJC_ROOT_CLASS = YES_ERROR;
				CLANG_WARN_QUOTED_INCLUDE_IN_FRAMEWORK_HEADER = YES;
				CLANG_WARN_RANGE_LOOP_ANALYSIS = YES;
				CLANG_WARN_STRICT_PROTOTYPES = YES;
				CLANG_WARN_SUSPICIOUS_MOVE = YES;
				CLANG_WARN_UNGUARDED_AVAILABILITY = YES_AGGRESSIVE;
				CLANG_WARN_UNREACHABLE_CODE = YES;
				CLANG_WARN__DUPLICATE_METHOD_MATCH = YES;
				COPY_PHASE_STRIP = NO;
				DEBUG_INFORMATION_FORMAT = dwarf;
				ENABLE_STRICT_OBJC_MSGSEND = YES;
				ENABLE_TESTABILITY = YES;
				GCC_C_LANGUAGE_STANDARD = gnu11;
				GCC_DYNAMIC_NO_PIC = NO;
				GCC_NO_COMMON_BLOCKS = YES;
				GCC_OPTIMIZATION_LEVEL = 0;
				GCC_PREPROCESSOR_DEFINITIONS = (
					"DEBUG=1",
					"$(inherited)",
				);
				GCC_WARN_64_TO_32_BIT_CONVERSION = YES;
				GCC_WARN_ABOUT_RETURN_TYPE = YES_ERROR;
				GCC_WARN_UNDECLARED_SELECTOR = YES;
				GCC_WARN_UNINITIALIZED_AUTOS = YES_AGGRESSIVE;
				GCC_WARN_UNUSED_FUNCTION = YES;
				GCC_WARN_UNUSED_VARIABLE = YES;
				MTL_ENABLE_DEBUG_INFO = INCLUDE_SOURCE;
				MTL_FAST_MATH = YES;
				ONLY_ACTIVE_ARCH = YES;
				SWIFT_ACTIVE_COMPILATION_CONDITIONS = DEBUG;
				SWIFT_OPTIMIZATION_LEVEL = "-Onone";
			};
			name = Debug;
		};
		CD0E1B7F2735A9FE00FE4477 /* Release */ = {
			isa = XCBuildConfiguration;
			buildSettings = {
				ALWAYS_SEARCH_USER_PATHS = NO;
				CLANG_ANALYZER_NONNULL = YES;
				CLANG_ANALYZER_NUMBER_OBJECT_CONVERSION = YES_AGGRESSIVE;
				CLANG_CXX_LANGUAGE_STANDARD = "gnu++17";
				CLANG_CXX_LIBRARY = "libc++";
				CLANG_ENABLE_MODULES = YES;
				CLANG_ENABLE_OBJC_ARC = YES;
				CLANG_ENABLE_OBJC_WEAK = YES;
				CLANG_WARN_BLOCK_CAPTURE_AUTORELEASING = YES;
				CLANG_WARN_BOOL_CONVERSION = YES;
				CLANG_WARN_COMMA = YES;
				CLANG_WARN_CONSTANT_CONVERSION = YES;
				CLANG_WARN_DEPRECATED_OBJC_IMPLEMENTATIONS = YES;
				CLANG_WARN_DIRECT_OBJC_ISA_USAGE = YES_ERROR;
				CLANG_WARN_DOCUMENTATION_COMMENTS = YES;
				CLANG_WARN_EMPTY_BODY = YES;
				CLANG_WARN_ENUM_CONVERSION = YES;
				CLANG_WARN_INFINITE_RECURSION = YES;
				CLANG_WARN_INT_CONVERSION = YES;
				CLANG_WARN_NON_LITERAL_NULL_CONVERSION = YES;
				CLANG_WARN_OBJC_IMPLICIT_RETAIN_SELF = YES;
				CLANG_WARN_OBJC_LITERAL_CONVERSION = YES;
				CLANG_WARN_OBJC_ROOT_CLASS = YES_ERROR;
				CLANG_WARN_QUOTED_INCLUDE_IN_FRAMEWORK_HEADER = YES;
				CLANG_WARN_RANGE_LOOP_ANALYSIS = YES;
				CLANG_WARN_STRICT_PROTOTYPES = YES;
				CLANG_WARN_SUSPICIOUS_MOVE = YES;
				CLANG_WARN_UNGUARDED_AVAILABILITY = YES_AGGRESSIVE;
				CLANG_WARN_UNREACHABLE_CODE = YES;
				CLANG_WARN__DUPLICATE_METHOD_MATCH = YES;
				COPY_PHASE_STRIP = NO;
				DEBUG_INFORMATION_FORMAT = "dwarf-with-dsym";
				ENABLE_NS_ASSERTIONS = NO;
				ENABLE_STRICT_OBJC_MSGSEND = YES;
				GCC_C_LANGUAGE_STANDARD = gnu11;
				GCC_NO_COMMON_BLOCKS = YES;
				GCC_WARN_64_TO_32_BIT_CONVERSION = YES;
				GCC_WARN_ABOUT_RETURN_TYPE = YES_ERROR;
				GCC_WARN_UNDECLARED_SELECTOR = YES;
				GCC_WARN_UNINITIALIZED_AUTOS = YES_AGGRESSIVE;
				GCC_WARN_UNUSED_FUNCTION = YES;
				GCC_WARN_UNUSED_VARIABLE = YES;
				MTL_ENABLE_DEBUG_INFO = NO;
				MTL_FAST_MATH = YES;
				SWIFT_COMPILATION_MODE = wholemodule;
				SWIFT_OPTIMIZATION_LEVEL = "-O";
			};
			name = Release;
		};
		CD0E1B812735A9FE00FE4477 /* Debug */ = {
			isa = XCBuildConfiguration;
			buildSettings = {
				ASSETCATALOG_COMPILER_APPICON_NAME = AppIcon;
				ASSETCATALOG_COMPILER_GLOBAL_ACCENT_COLOR_NAME = AccentColor;
				CODE_SIGN_STYLE = Automatic;
				CURRENT_PROJECT_VERSION = 1;
				DEVELOPMENT_TEAM = TF97RG3V9E;
				ENABLE_PREVIEWS = YES;
				GENERATE_INFOPLIST_FILE = YES;
				INFOPLIST_KEY_NSBluetoothAlwaysUsageDescription = "Bluetooth is used to connect to your clock";
				INFOPLIST_KEY_UIApplicationSceneManifest_Generation = YES;
				INFOPLIST_KEY_UIApplicationSupportsIndirectInputEvents = YES;
				INFOPLIST_KEY_UILaunchScreen_Generation = YES;
				INFOPLIST_KEY_UISupportedInterfaceOrientations_iPad = "UIInterfaceOrientationPortrait UIInterfaceOrientationPortraitUpsideDown UIInterfaceOrientationLandscapeLeft UIInterfaceOrientationLandscapeRight";
				INFOPLIST_KEY_UISupportedInterfaceOrientations_iPhone = "UIInterfaceOrientationPortrait UIInterfaceOrientationLandscapeLeft UIInterfaceOrientationLandscapeRight";
				IPHONEOS_DEPLOYMENT_TARGET = 15.0;
				LD_RUNPATH_SEARCH_PATHS = (
					"$(inherited)",
					"@executable_path/Frameworks",
				);
				MARKETING_VERSION = 1.0;
				PRODUCT_BUNDLE_IDENTIFIER = "nl.nanosector.LYWSD02-Clock-Sync";
				PRODUCT_NAME = "LYWSD02 Clock Sync";
				SDKROOT = iphoneos;
				SWIFT_EMIT_LOC_STRINGS = YES;
				SWIFT_VERSION = 5.0;
				TARGETED_DEVICE_FAMILY = "1,2";
			};
			name = Debug;
		};
		CD0E1B822735A9FE00FE4477 /* Release */ = {
			isa = XCBuildConfiguration;
			buildSettings = {
				ASSETCATALOG_COMPILER_APPICON_NAME = AppIcon;
				ASSETCATALOG_COMPILER_GLOBAL_ACCENT_COLOR_NAME = AccentColor;
				CODE_SIGN_STYLE = Automatic;
				CURRENT_PROJECT_VERSION = 1;
				DEVELOPMENT_TEAM = TF97RG3V9E;
				ENABLE_PREVIEWS = YES;
				GENERATE_INFOPLIST_FILE = YES;
				INFOPLIST_KEY_NSBluetoothAlwaysUsageDescription = "Bluetooth is used to connect to your clock";
				INFOPLIST_KEY_UIApplicationSceneManifest_Generation = YES;
				INFOPLIST_KEY_UIApplicationSupportsIndirectInputEvents = YES;
				INFOPLIST_KEY_UILaunchScreen_Generation = YES;
				INFOPLIST_KEY_UISupportedInterfaceOrientations_iPad = "UIInterfaceOrientationPortrait UIInterfaceOrientationPortraitUpsideDown UIInterfaceOrientationLandscapeLeft UIInterfaceOrientationLandscapeRight";
				INFOPLIST_KEY_UISupportedInterfaceOrientations_iPhone = "UIInterfaceOrientationPortrait UIInterfaceOrientationLandscapeLeft UIInterfaceOrientationLandscapeRight";
				IPHONEOS_DEPLOYMENT_TARGET = 15.0;
				LD_RUNPATH_SEARCH_PATHS = (
					"$(inherited)",
					"@executable_path/Frameworks",
				);
				MARKETING_VERSION = 1.0;
				PRODUCT_BUNDLE_IDENTIFIER = "nl.nanosector.LYWSD02-Clock-Sync";
				PRODUCT_NAME = "LYWSD02 Clock Sync";
				SDKROOT = iphoneos;
				SWIFT_EMIT_LOC_STRINGS = YES;
				SWIFT_VERSION = 5.0;
				TARGETED_DEVICE_FAMILY = "1,2";
				VALIDATE_PRODUCT = YES;
			};
			name = Release;
		};
		CD0E1B842735A9FE00FE4477 /* Debug */ = {
			isa = XCBuildConfiguration;
			buildSettings = {
				ASSETCATALOG_COMPILER_APPICON_NAME = AppIcon;
				ASSETCATALOG_COMPILER_GLOBAL_ACCENT_COLOR_NAME = AccentColor;
				CODE_SIGN_ENTITLEMENTS = macOS/macOS.entitlements;
				CODE_SIGN_STYLE = Automatic;
				COMBINE_HIDPI_IMAGES = YES;
				CURRENT_PROJECT_VERSION = 1;
				DEVELOPMENT_TEAM = "";
				ENABLE_PREVIEWS = YES;
				GENERATE_INFOPLIST_FILE = YES;
				INFOPLIST_FILE = "LYWSD02-Clock-Sync--macOS--Info.plist";
				INFOPLIST_KEY_LSApplicationCategoryType = "";
				INFOPLIST_KEY_NSBluetoothAlwaysUsageDescription = "Bluetooth is used to connect to your clock";
				INFOPLIST_KEY_NSHumanReadableCopyright = "";
				LD_RUNPATH_SEARCH_PATHS = (
					"$(inherited)",
					"@executable_path/../Frameworks",
				);
				MACOSX_DEPLOYMENT_TARGET = 11.0;
				MARKETING_VERSION = 1.0;
				PRODUCT_BUNDLE_IDENTIFIER = "nl.nanosector.LYWSD02-Clock-Sync";
				PRODUCT_NAME = "LYWSD02 Clock Sync";
				SDKROOT = macosx;
				SWIFT_EMIT_LOC_STRINGS = YES;
				SWIFT_VERSION = 5.0;
			};
			name = Debug;
		};
		CD0E1B852735A9FE00FE4477 /* Release */ = {
			isa = XCBuildConfiguration;
			buildSettings = {
				ASSETCATALOG_COMPILER_APPICON_NAME = AppIcon;
				ASSETCATALOG_COMPILER_GLOBAL_ACCENT_COLOR_NAME = AccentColor;
				CODE_SIGN_ENTITLEMENTS = macOS/macOS.entitlements;
				CODE_SIGN_STYLE = Automatic;
				COMBINE_HIDPI_IMAGES = YES;
				CURRENT_PROJECT_VERSION = 1;
				DEVELOPMENT_TEAM = "";
				ENABLE_PREVIEWS = YES;
				GENERATE_INFOPLIST_FILE = YES;
				INFOPLIST_FILE = "LYWSD02-Clock-Sync--macOS--Info.plist";
				INFOPLIST_KEY_LSApplicationCategoryType = "";
				INFOPLIST_KEY_NSBluetoothAlwaysUsageDescription = "Bluetooth is used to connect to your clock";
				INFOPLIST_KEY_NSHumanReadableCopyright = "";
				LD_RUNPATH_SEARCH_PATHS = (
					"$(inherited)",
					"@executable_path/../Frameworks",
				);
				MACOSX_DEPLOYMENT_TARGET = 11.0;
				MARKETING_VERSION = 1.0;
				PRODUCT_BUNDLE_IDENTIFIER = "nl.nanosector.LYWSD02-Clock-Sync";
				PRODUCT_NAME = "LYWSD02 Clock Sync";
				SDKROOT = macosx;
				SWIFT_EMIT_LOC_STRINGS = YES;
				SWIFT_VERSION = 5.0;
			};
			name = Release;
		};
/* End XCBuildConfiguration section */

/* Begin XCConfigurationList section */
		CD0E1B662735A9FD00FE4477 /* Build configuration list for PBXProject "LYWSD02 Clock Sync" */ = {
			isa = XCConfigurationList;
			buildConfigurations = (
				CD0E1B7E2735A9FE00FE4477 /* Debug */,
				CD0E1B7F2735A9FE00FE4477 /* Release */,
			);
			defaultConfigurationIsVisible = 0;
			defaultConfigurationName = Release;
		};
		CD0E1B802735A9FE00FE4477 /* Build configuration list for PBXNativeTarget "LYWSD02 Clock Sync (iOS)" */ = {
			isa = XCConfigurationList;
			buildConfigurations = (
				CD0E1B812735A9FE00FE4477 /* Debug */,
				CD0E1B822735A9FE00FE4477 /* Release */,
			);
			defaultConfigurationIsVisible = 0;
			defaultConfigurationName = Release;
		};
		CD0E1B832735A9FE00FE4477 /* Build configuration list for PBXNativeTarget "LYWSD02 Clock Sync (macOS)" */ = {
			isa = XCConfigurationList;
			buildConfigurations = (
				CD0E1B842735A9FE00FE4477 /* Debug */,
				CD0E1B852735A9FE00FE4477 /* Release */,
			);
			defaultConfigurationIsVisible = 0;
			defaultConfigurationName = Release;
		};
/* End XCConfigurationList section */
	};
	rootObject = CD0E1B632735A9FD00FE4477 /* Project object */;
}
